// !$*UTF8*$!
{
	archiveVersion = 1;
	classes = {
	};
	objectVersion = 50;
	objects = {

/* Begin PBXBuildFile section */
		F4650C4F2365878300E27AA5 /* AppDelegate.swift in Sources */ = {isa = PBXBuildFile; fileRef = F4650C4E2365878300E27AA5 /* AppDelegate.swift */; };
		F4650C512365878300E27AA5 /* SceneDelegate.swift in Sources */ = {isa = PBXBuildFile; fileRef = F4650C502365878300E27AA5 /* SceneDelegate.swift */; };
		F4650C532365878300E27AA5 /* ContentView.swift in Sources */ = {isa = PBXBuildFile; fileRef = F4650C522365878300E27AA5 /* ContentView.swift */; };
		F4650C552365878400E27AA5 /* Assets.xcassets in Resources */ = {isa = PBXBuildFile; fileRef = F4650C542365878400E27AA5 /* Assets.xcassets */; };
		F4650C582365878400E27AA5 /* Preview Assets.xcassets in Resources */ = {isa = PBXBuildFile; fileRef = F4650C572365878400E27AA5 /* Preview Assets.xcassets */; };
		F4650C5B2365878400E27AA5 /* LaunchScreen.storyboard in Resources */ = {isa = PBXBuildFile; fileRef = F4650C592365878400E27AA5 /* LaunchScreen.storyboard */; };
		F4650C662365878400E27AA5 /* LandmarkTests.swift in Sources */ = {isa = PBXBuildFile; fileRef = F4650C652365878400E27AA5 /* LandmarkTests.swift */; };
		F4650C712365878400E27AA5 /* LandmarkUITests.swift in Sources */ = {isa = PBXBuildFile; fileRef = F4650C702365878400E27AA5 /* LandmarkUITests.swift */; };
		F4CCDD642365913B002528D7 /* CircleImage.swift in Sources */ = {isa = PBXBuildFile; fileRef = F4CCDD632365913B002528D7 /* CircleImage.swift */; };
/* End PBXBuildFile section */

/* Begin PBXContainerItemProxy section */
		F4650C622365878400E27AA5 /* PBXContainerItemProxy */ = {
			isa = PBXContainerItemProxy;
			containerPortal = F4650C432365878300E27AA5 /* Project object */;
			proxyType = 1;
			remoteGlobalIDString = F4650C4A2365878300E27AA5;
			remoteInfo = Landmark;
		};
		F4650C6D2365878400E27AA5 /* PBXContainerItemProxy */ = {
			isa = PBXContainerItemProxy;
			containerPortal = F4650C432365878300E27AA5 /* Project object */;
			proxyType = 1;
			remoteGlobalIDString = F4650C4A2365878300E27AA5;
			remoteInfo = Landmark;
		};
/* End PBXContainerItemProxy section */

/* Begin PBXFileReference section */
		F4650C4B2365878300E27AA5 /* Landmark.app */ = {isa = PBXFileReference; explicitFileType = wrapper.application; includeInIndex = 0; path = Landmark.app; sourceTree = BUILT_PRODUCTS_DIR; };
		F4650C4E2365878300E27AA5 /* AppDelegate.swift */ = {isa = PBXFileReference; lastKnownFileType = sourcecode.swift; path = AppDelegate.swift; sourceTree = "<group>"; };
		F4650C502365878300E27AA5 /* SceneDelegate.swift */ = {isa = PBXFileReference; lastKnownFileType = sourcecode.swift; path = SceneDelegate.swift; sourceTree = "<group>"; };
		F4650C522365878300E27AA5 /* ContentView.swift */ = {isa = PBXFileReference; lastKnownFileType = sourcecode.swift; path = ContentView.swift; sourceTree = "<group>"; };
		F4650C542365878400E27AA5 /* Assets.xcassets */ = {isa = PBXFileReference; lastKnownFileType = folder.assetcatalog; path = Assets.xcassets; sourceTree = "<group>"; };
		F4650C572365878400E27AA5 /* Preview Assets.xcassets */ = {isa = PBXFileReference; lastKnownFileType = folder.assetcatalog; path = "Preview Assets.xcassets"; sourceTree = "<group>"; };
		F4650C5A2365878400E27AA5 /* Base */ = {isa = PBXFileReference; lastKnownFileType = file.storyboard; name = Base; path = Base.lproj/LaunchScreen.storyboard; sourceTree = "<group>"; };
		F4650C5C2365878400E27AA5 /* Info.plist */ = {isa = PBXFileReference; lastKnownFileType = text.plist.xml; path = Info.plist; sourceTree = "<group>"; };
		F4650C612365878400E27AA5 /* LandmarkTests.xctest */ = {isa = PBXFileReference; explicitFileType = wrapper.cfbundle; includeInIndex = 0; path = LandmarkTests.xctest; sourceTree = BUILT_PRODUCTS_DIR; };
		F4650C652365878400E27AA5 /* LandmarkTests.swift */ = {isa = PBXFileReference; lastKnownFileType = sourcecode.swift; path = LandmarkTests.swift; sourceTree = "<group>"; };
		F4650C672365878400E27AA5 /* Info.plist */ = {isa = PBXFileReference; lastKnownFileType = text.plist.xml; path = Info.plist; sourceTree = "<group>"; };
		F4650C6C2365878400E27AA5 /* LandmarkUITests.xctest */ = {isa = PBXFileReference; explicitFileType = wrapper.cfbundle; includeInIndex = 0; path = LandmarkUITests.xctest; sourceTree = BUILT_PRODUCTS_DIR; };
		F4650C702365878400E27AA5 /* LandmarkUITests.swift */ = {isa = PBXFileReference; lastKnownFileType = sourcecode.swift; path = LandmarkUITests.swift; sourceTree = "<group>"; };
		F4650C722365878400E27AA5 /* Info.plist */ = {isa = PBXFileReference; lastKnownFileType = text.plist.xml; path = Info.plist; sourceTree = "<group>"; };
		F4CCDD632365913B002528D7 /* CircleImage.swift */ = {isa = PBXFileReference; lastKnownFileType = sourcecode.swift; path = CircleImage.swift; sourceTree = "<group>"; };
/* End PBXFileReference section */

/* Begin PBXFrameworksBuildPhase section */
		F4650C482365878300E27AA5 /* Frameworks */ = {
			isa = PBXFrameworksBuildPhase;
			buildActionMask = 2147483647;
			files = (
			);
			runOnlyForDeploymentPostprocessing = 0;
		};
		F4650C5E2365878400E27AA5 /* Frameworks */ = {
			isa = PBXFrameworksBuildPhase;
			buildActionMask = 2147483647;
			files = (
			);
			runOnlyForDeploymentPostprocessing = 0;
		};
		F4650C692365878400E27AA5 /* Frameworks */ = {
			isa = PBXFrameworksBuildPhase;
			buildActionMask = 2147483647;
			files = (
			);
			runOnlyForDeploymentPostprocessing = 0;
		};
/* End PBXFrameworksBuildPhase section */

/* Begin PBXGroup section */
		F4650C422365878300E27AA5 = {
			isa = PBXGroup;
			children = (
				F4650C4D2365878300E27AA5 /* Landmark */,
				F4650C642365878400E27AA5 /* LandmarkTests */,
				F4650C6F2365878400E27AA5 /* LandmarkUITests */,
				F4650C4C2365878300E27AA5 /* Products */,
			);
			sourceTree = "<group>";
		};
		F4650C4C2365878300E27AA5 /* Products */ = {
			isa = PBXGroup;
			children = (
				F4650C4B2365878300E27AA5 /* Landmark.app */,
				F4650C612365878400E27AA5 /* LandmarkTests.xctest */,
				F4650C6C2365878400E27AA5 /* LandmarkUITests.xctest */,
			);
			name = Products;
			sourceTree = "<group>";
		};
		F4650C4D2365878300E27AA5 /* Landmark */ = {
			isa = PBXGroup;
			children = (
				F4650C4E2365878300E27AA5 /* AppDelegate.swift */,
				F4650C502365878300E27AA5 /* SceneDelegate.swift */,
				F4650C522365878300E27AA5 /* ContentView.swift */,
				F4CCDD632365913B002528D7 /* CircleImage.swift */,
				F4650C542365878400E27AA5 /* Assets.xcassets */,
				F4650C592365878400E27AA5 /* LaunchScreen.storyboard */,
				F4650C5C2365878400E27AA5 /* Info.plist */,
				F4650C562365878400E27AA5 /* Preview Content */,
			);
			path = Landmark;
			sourceTree = "<group>";
		};
		F4650C562365878400E27AA5 /* Preview Content */ = {
			isa = PBXGroup;
			children = (
				F4650C572365878400E27AA5 /* Preview Assets.xcassets */,
			);
			path = "Preview Content";
			sourceTree = "<group>";
		};
		F4650C642365878400E27AA5 /* LandmarkTests */ = {
			isa = PBXGroup;
			children = (
				F4650C652365878400E27AA5 /* LandmarkTests.swift */,
				F4650C672365878400E27AA5 /* Info.plist */,
			);
			path = LandmarkTests;
			sourceTree = "<group>";
		};
		F4650C6F2365878400E27AA5 /* LandmarkUITests */ = {
			isa = PBXGroup;
			children = (
				F4650C702365878400E27AA5 /* LandmarkUITests.swift */,
				F4650C722365878400E27AA5 /* Info.plist */,
			);
			path = LandmarkUITests;
			sourceTree = "<group>";
		};
/* End PBXGroup section */

/* Begin PBXNativeTarget section */
		F4650C4A2365878300E27AA5 /* Landmark */ = {
			isa = PBXNativeTarget;
			buildConfigurationList = F4650C752365878400E27AA5 /* Build configuration list for PBXNativeTarget "Landmark" */;
			buildPhases = (
				F4650C472365878300E27AA5 /* Sources */,
				F4650C482365878300E27AA5 /* Frameworks */,
				F4650C492365878300E27AA5 /* Resources */,
			);
			buildRules = (
			);
			dependencies = (
			);
			name = Landmark;
			productName = Landmark;
			productReference = F4650C4B2365878300E27AA5 /* Landmark.app */;
			productType = "com.apple.product-type.application";
		};
		F4650C602365878400E27AA5 /* LandmarkTests */ = {
			isa = PBXNativeTarget;
			buildConfigurationList = F4650C782365878400E27AA5 /* Build configuration list for PBXNativeTarget "LandmarkTests" */;
			buildPhases = (
				F4650C5D2365878400E27AA5 /* Sources */,
				F4650C5E2365878400E27AA5 /* Frameworks */,
				F4650C5F2365878400E27AA5 /* Resources */,
			);
			buildRules = (
			);
			dependencies = (
				F4650C632365878400E27AA5 /* PBXTargetDependency */,
			);
			name = LandmarkTests;
			productName = LandmarkTests;
			productReference = F4650C612365878400E27AA5 /* LandmarkTests.xctest */;
			productType = "com.apple.product-type.bundle.unit-test";
		};
		F4650C6B2365878400E27AA5 /* LandmarkUITests */ = {
			isa = PBXNativeTarget;
			buildConfigurationList = F4650C7B2365878400E27AA5 /* Build configuration list for PBXNativeTarget "LandmarkUITests" */;
			buildPhases = (
				F4650C682365878400E27AA5 /* Sources */,
				F4650C692365878400E27AA5 /* Frameworks */,
				F4650C6A2365878400E27AA5 /* Resources */,
			);
			buildRules = (
			);
			dependencies = (
				F4650C6E2365878400E27AA5 /* PBXTargetDependency */,
			);
			name = LandmarkUITests;
			productName = LandmarkUITests;
			productReference = F4650C6C2365878400E27AA5 /* LandmarkUITests.xctest */;
			productType = "com.apple.product-type.bundle.ui-testing";
		};
/* End PBXNativeTarget section */

/* Begin PBXProject section */
		F4650C432365878300E27AA5 /* Project object */ = {
			isa = PBXProject;
			attributes = {
				LastSwiftUpdateCheck = 1110;
				LastUpgradeCheck = 1110;
				ORGANIZATIONNAME = "Simón Muñoz";
				TargetAttributes = {
					F4650C4A2365878300E27AA5 = {
						CreatedOnToolsVersion = 11.1;
					};
					F4650C602365878400E27AA5 = {
						CreatedOnToolsVersion = 11.1;
						TestTargetID = F4650C4A2365878300E27AA5;
					};
					F4650C6B2365878400E27AA5 = {
						CreatedOnToolsVersion = 11.1;
						TestTargetID = F4650C4A2365878300E27AA5;
					};
				};
			};
			buildConfigurationList = F4650C462365878300E27AA5 /* Build configuration list for PBXProject "Landmark" */;
			compatibilityVersion = "Xcode 9.3";
			developmentRegion = en;
			hasScannedForEncodings = 0;
			knownRegions = (
				en,
				Base,
			);
			mainGroup = F4650C422365878300E27AA5;
			productRefGroup = F4650C4C2365878300E27AA5 /* Products */;
			projectDirPath = "";
			projectRoot = "";
			targets = (
				F4650C4A2365878300E27AA5 /* Landmark */,
				F4650C602365878400E27AA5 /* LandmarkTests */,
				F4650C6B2365878400E27AA5 /* LandmarkUITests */,
			);
		};
/* End PBXProject section */

/* Begin PBXResourcesBuildPhase section */
		F4650C492365878300E27AA5 /* Resources */ = {
			isa = PBXResourcesBuildPhase;
			buildActionMask = 2147483647;
			files = (
				F4650C5B2365878400E27AA5 /* LaunchScreen.storyboard in Resources */,
				F4650C582365878400E27AA5 /* Preview Assets.xcassets in Resources */,
				F4650C552365878400E27AA5 /* Assets.xcassets in Resources */,
			);
			runOnlyForDeploymentPostprocessing = 0;
		};
		F4650C5F2365878400E27AA5 /* Resources */ = {
			isa = PBXResourcesBuildPhase;
			buildActionMask = 2147483647;
			files = (
			);
			runOnlyForDeploymentPostprocessing = 0;
		};
		F4650C6A2365878400E27AA5 /* Resources */ = {
			isa = PBXResourcesBuildPhase;
			buildActionMask = 2147483647;
			files = (
			);
			runOnlyForDeploymentPostprocessing = 0;
		};
/* End PBXResourcesBuildPhase section */

/* Begin PBXSourcesBuildPhase section */
		F4650C472365878300E27AA5 /* Sources */ = {
			isa = PBXSourcesBuildPhase;
			buildActionMask = 2147483647;
			files = (
				F4650C4F2365878300E27AA5 /* AppDelegate.swift in Sources */,
				F4CCDD642365913B002528D7 /* CircleImage.swift in Sources */,
				F4650C512365878300E27AA5 /* SceneDelegate.swift in Sources */,
				F4650C532365878300E27AA5 /* ContentView.swift in Sources */,
			);
			runOnlyForDeploymentPostprocessing = 0;
		};
		F4650C5D2365878400E27AA5 /* Sources */ = {
			isa = PBXSourcesBuildPhase;
			buildActionMask = 2147483647;
			files = (
				F4650C662365878400E27AA5 /* LandmarkTests.swift in Sources */,
			);
			runOnlyForDeploymentPostprocessing = 0;
		};
		F4650C682365878400E27AA5 /* Sources */ = {
			isa = PBXSourcesBuildPhase;
			buildActionMask = 2147483647;
			files = (
				F4650C712365878400E27AA5 /* LandmarkUITests.swift in Sources */,
			);
			runOnlyForDeploymentPostprocessing = 0;
		};
/* End PBXSourcesBuildPhase section */

/* Begin PBXTargetDependency section */
		F4650C632365878400E27AA5 /* PBXTargetDependency */ = {
			isa = PBXTargetDependency;
			target = F4650C4A2365878300E27AA5 /* Landmark */;
			targetProxy = F4650C622365878400E27AA5 /* PBXContainerItemProxy */;
		};
		F4650C6E2365878400E27AA5 /* PBXTargetDependency */ = {
			isa = PBXTargetDependency;
			target = F4650C4A2365878300E27AA5 /* Landmark */;
			targetProxy = F4650C6D2365878400E27AA5 /* PBXContainerItemProxy */;
		};
/* End PBXTargetDependency section */

/* Begin PBXVariantGroup section */
		F4650C592365878400E27AA5 /* LaunchScreen.storyboard */ = {
			isa = PBXVariantGroup;
			children = (
				F4650C5A2365878400E27AA5 /* Base */,
			);
			name = LaunchScreen.storyboard;
			sourceTree = "<group>";
		};
/* End PBXVariantGroup section */

/* Begin XCBuildConfiguration section */
		F4650C732365878400E27AA5 /* Debug */ = {
			isa = XCBuildConfiguration;
			buildSettings = {
				ALWAYS_SEARCH_USER_PATHS = NO;
				CLANG_ANALYZER_NONNULL = YES;
				CLANG_ANALYZER_NUMBER_OBJECT_CONVERSION = YES_AGGRESSIVE;
				CLANG_CXX_LANGUAGE_STANDARD = "gnu++14";
				CLANG_CXX_LIBRARY = "libc++";
				CLANG_ENABLE_MODULES = YES;
				CLANG_ENABLE_OBJC_ARC = YES;
				CLANG_ENABLE_OBJC_WEAK = YES;
				CLANG_WARN_BLOCK_CAPTURE_AUTORELEASING = YES;
				CLANG_WARN_BOOL_CONVERSION = YES;
				CLANG_WARN_COMMA = YES;
				CLANG_WARN_CONSTANT_CONVERSION = YES;
				CLANG_WARN_DEPRECATED_OBJC_IMPLEMENTATIONS = YES;
				CLANG_WARN_DIRECT_OBJC_ISA_USAGE = YES_ERROR;
				CLANG_WARN_DOCUMENTATION_COMMENTS = YES;
				CLANG_WARN_EMPTY_BODY = YES;
				CLANG_WARN_ENUM_CONVERSION = YES;
				CLANG_WARN_INFINITE_RECURSION = YES;
				CLANG_WARN_INT_CONVERSION = YES;
				CLANG_WARN_NON_LITERAL_NULL_CONVERSION = YES;
				CLANG_WARN_OBJC_IMPLICIT_RETAIN_SELF = YES;
				CLANG_WARN_OBJC_LITERAL_CONVERSION = YES;
				CLANG_WARN_OBJC_ROOT_CLASS = YES_ERROR;
				CLANG_WARN_RANGE_LOOP_ANALYSIS = YES;
				CLANG_WARN_STRICT_PROTOTYPES = YES;
				CLANG_WARN_SUSPICIOUS_MOVE = YES;
				CLANG_WARN_UNGUARDED_AVAILABILITY = YES_AGGRESSIVE;
				CLANG_WARN_UNREACHABLE_CODE = YES;
				CLANG_WARN__DUPLICATE_METHOD_MATCH = YES;
				COPY_PHASE_STRIP = NO;
				DEBUG_INFORMATION_FORMAT = dwarf;
				ENABLE_STRICT_OBJC_MSGSEND = YES;
				ENABLE_TESTABILITY = YES;
				GCC_C_LANGUAGE_STANDARD = gnu11;
				GCC_DYNAMIC_NO_PIC = NO;
				GCC_NO_COMMON_BLOCKS = YES;
				GCC_OPTIMIZATION_LEVEL = 0;
				GCC_PREPROCESSOR_DEFINITIONS = (
					"DEBUG=1",
					"$(inherited)",
				);
				GCC_WARN_64_TO_32_BIT_CONVERSION = YES;
				GCC_WARN_ABOUT_RETURN_TYPE = YES_ERROR;
				GCC_WARN_UNDECLARED_SELECTOR = YES;
				GCC_WARN_UNINITIALIZED_AUTOS = YES_AGGRESSIVE;
				GCC_WARN_UNUSED_FUNCTION = YES;
				GCC_WARN_UNUSED_VARIABLE = YES;
				IPHONEOS_DEPLOYMENT_TARGET = 13.1;
				MTL_ENABLE_DEBUG_INFO = INCLUDE_SOURCE;
				MTL_FAST_MATH = YES;
				ONLY_ACTIVE_ARCH = YES;
				SDKROOT = iphoneos;
				SWIFT_ACTIVE_COMPILATION_CONDITIONS = DEBUG;
				SWIFT_OPTIMIZATION_LEVEL = "-Onone";
			};
			name = Debug;
		};
		F4650C742365878400E27AA5 /* Release */ = {
			isa = XCBuildConfiguration;
			buildSettings = {
				ALWAYS_SEARCH_USER_PATHS = NO;
				CLANG_ANALYZER_NONNULL = YES;
				CLANG_ANALYZER_NUMBER_OBJECT_CONVERSION = YES_AGGRESSIVE;
				CLANG_CXX_LANGUAGE_STANDARD = "gnu++14";
				CLANG_CXX_LIBRARY = "libc++";
				CLANG_ENABLE_MODULES = YES;
				CLANG_ENABLE_OBJC_ARC = YES;
				CLANG_ENABLE_OBJC_WEAK = YES;
				CLANG_WARN_BLOCK_CAPTURE_AUTORELEASING = YES;
				CLANG_WARN_BOOL_CONVERSION = YES;
				CLANG_WARN_COMMA = YES;
				CLANG_WARN_CONSTANT_CONVERSION = YES;
				CLANG_WARN_DEPRECATED_OBJC_IMPLEMENTATIONS = YES;
				CLANG_WARN_DIRECT_OBJC_ISA_USAGE = YES_ERROR;
				CLANG_WARN_DOCUMENTATION_COMMENTS = YES;
				CLANG_WARN_EMPTY_BODY = YES;
				CLANG_WARN_ENUM_CONVERSION = YES;
				CLANG_WARN_INFINITE_RECURSION = YES;
				CLANG_WARN_INT_CONVERSION = YES;
				CLANG_WARN_NON_LITERAL_NULL_CONVERSION = YES;
				CLANG_WARN_OBJC_IMPLICIT_RETAIN_SELF = YES;
				CLANG_WARN_OBJC_LITERAL_CONVERSION = YES;
				CLANG_WARN_OBJC_ROOT_CLASS = YES_ERROR;
				CLANG_WARN_RANGE_LOOP_ANALYSIS = YES;
				CLANG_WARN_STRICT_PROTOTYPES = YES;
				CLANG_WARN_SUSPICIOUS_MOVE = YES;
				CLANG_WARN_UNGUARDED_AVAILABILITY = YES_AGGRESSIVE;
				CLANG_WARN_UNREACHABLE_CODE = YES;
				CLANG_WARN__DUPLICATE_METHOD_MATCH = YES;
				COPY_PHASE_STRIP = NO;
				DEBUG_INFORMATION_FORMAT = "dwarf-with-dsym";
				ENABLE_NS_ASSERTIONS = NO;
				ENABLE_STRICT_OBJC_MSGSEND = YES;
				GCC_C_LANGUAGE_STANDARD = gnu11;
				GCC_NO_COMMON_BLOCKS = YES;
				GCC_WARN_64_TO_32_BIT_CONVERSION = YES;
				GCC_WARN_ABOUT_RETURN_TYPE = YES_ERROR;
				GCC_WARN_UNDECLARED_SELECTOR = YES;
				GCC_WARN_UNINITIALIZED_AUTOS = YES_AGGRESSIVE;
				GCC_WARN_UNUSED_FUNCTION = YES;
				GCC_WARN_UNUSED_VARIABLE = YES;
				IPHONEOS_DEPLOYMENT_TARGET = 13.1;
				MTL_ENABLE_DEBUG_INFO = NO;
				MTL_FAST_MATH = YES;
				SDKROOT = iphoneos;
				SWIFT_COMPILATION_MODE = wholemodule;
				SWIFT_OPTIMIZATION_LEVEL = "-O";
				VALIDATE_PRODUCT = YES;
			};
			name = Release;
		};
		F4650C762365878400E27AA5 /* Debug */ = {
			isa = XCBuildConfiguration;
			buildSettings = {
				ASSETCATALOG_COMPILER_APPICON_NAME = AppIcon;
				CODE_SIGN_STYLE = Automatic;
				DEVELOPMENT_ASSET_PATHS = "\"Landmark/Preview Content\"";
				DEVELOPMENT_TEAM = 4549MPHXJN;
				ENABLE_PREVIEWS = YES;
				INFOPLIST_FILE = Landmark/Info.plist;
				LD_RUNPATH_SEARCH_PATHS = (
					"$(inherited)",
					"@executable_path/Frameworks",
				);
				PRODUCT_BUNDLE_IDENTIFIER = simonvlc.Landmark;
				PRODUCT_NAME = "$(TARGET_NAME)";
				SWIFT_VERSION = 5.0;
				TARGETED_DEVICE_FAMILY = "1,2";
			};
			name = Debug;
		};
		F4650C772365878400E27AA5 /* Release */ = {
			isa = XCBuildConfiguration;
			buildSettings = {
				ASSETCATALOG_COMPILER_APPICON_NAME = AppIcon;
				CODE_SIGN_STYLE = Automatic;
				DEVELOPMENT_ASSET_PATHS = "\"Landmark/Preview Content\"";
				DEVELOPMENT_TEAM = 4549MPHXJN;
				ENABLE_PREVIEWS = YES;
				INFOPLIST_FILE = Landmark/Info.plist;
				LD_RUNPATH_SEARCH_PATHS = (
					"$(inherited)",
					"@executable_path/Frameworks",
				);
				PRODUCT_BUNDLE_IDENTIFIER = simonvlc.Landmark;
				PRODUCT_NAME = "$(TARGET_NAME)";
				SWIFT_VERSION = 5.0;
				TARGETED_DEVICE_FAMILY = "1,2";
			};
			name = Release;
		};
		F4650C792365878400E27AA5 /* Debug */ = {
			isa = XCBuildConfiguration;
			buildSettings = {
				ALWAYS_EMBED_SWIFT_STANDARD_LIBRARIES = YES;
				BUNDLE_LOADER = "$(TEST_HOST)";
				CODE_SIGN_STYLE = Automatic;
				DEVELOPMENT_TEAM = 4549MPHXJN;
				INFOPLIST_FILE = LandmarkTests/Info.plist;
				IPHONEOS_DEPLOYMENT_TARGET = 13.1;
				LD_RUNPATH_SEARCH_PATHS = (
					"$(inherited)",
					"@executable_path/Frameworks",
					"@loader_path/Frameworks",
				);
				PRODUCT_BUNDLE_IDENTIFIER = simonvlc.LandmarkTests;
				PRODUCT_NAME = "$(TARGET_NAME)";
				SWIFT_VERSION = 5.0;
				TARGETED_DEVICE_FAMILY = "1,2";
				TEST_HOST = "$(BUILT_PRODUCTS_DIR)/Landmark.app/Landmark";
			};
			name = Debug;
		};
		F4650C7A2365878400E27AA5 /* Release */ = {
			isa = XCBuildConfiguration;
			buildSettings = {
				ALWAYS_EMBED_SWIFT_STANDARD_LIBRARIES = YES;
				BUNDLE_LOADER = "$(TEST_HOST)";
				CODE_SIGN_STYLE = Automatic;
				DEVELOPMENT_TEAM = 4549MPHXJN;
				INFOPLIST_FILE = LandmarkTests/Info.plist;
				IPHONEOS_DEPLOYMENT_TARGET = 13.1;
				LD_RUNPATH_SEARCH_PATHS = (
					"$(inherited)",
					"@executable_path/Frameworks",
					"@loader_path/Frameworks",
				);
				PRODUCT_BUNDLE_IDENTIFIER = simonvlc.LandmarkTests;
				PRODUCT_NAME = "$(TARGET_NAME)";
				SWIFT_VERSION = 5.0;
				TARGETED_DEVICE_FAMILY = "1,2";
				TEST_HOST = "$(BUILT_PRODUCTS_DIR)/Landmark.app/Landmark";
			};
			name = Release;
		};
		F4650C7C2365878400E27AA5 /* Debug */ = {
			isa = XCBuildConfiguration;
			buildSettings = {
				ALWAYS_EMBED_SWIFT_STANDARD_LIBRARIES = YES;
				CODE_SIGN_STYLE = Automatic;
				DEVELOPMENT_TEAM = 4549MPHXJN;
				INFOPLIST_FILE = LandmarkUITests/Info.plist;
				LD_RUNPATH_SEARCH_PATHS = (
					"$(inherited)",
					"@executable_path/Frameworks",
					"@loader_path/Frameworks",
				);
				PRODUCT_BUNDLE_IDENTIFIER = simonvlc.LandmarkUITests;
				PRODUCT_NAME = "$(TARGET_NAME)";
				SWIFT_VERSION = 5.0;
				TARGETED_DEVICE_FAMILY = "1,2";
				TEST_TARGET_NAME = Landmark;
			};
			name = Debug;
		};
		F4650C7D2365878400E27AA5 /* Release */ = {
			isa = XCBuildConfiguration;
			buildSettings = {
				ALWAYS_EMBED_SWIFT_STANDARD_LIBRARIES = YES;
				CODE_SIGN_STYLE = Automatic;
				DEVELOPMENT_TEAM = 4549MPHXJN;
				INFOPLIST_FILE = LandmarkUITests/Info.plist;
				LD_RUNPATH_SEARCH_PATHS = (
					"$(inherited)",
					"@executable_path/Frameworks",
					"@loader_path/Frameworks",
				);
				PRODUCT_BUNDLE_IDENTIFIER = simonvlc.LandmarkUITests;
				PRODUCT_NAME = "$(TARGET_NAME)";
				SWIFT_VERSION = 5.0;
				TARGETED_DEVICE_FAMILY = "1,2";
				TEST_TARGET_NAME = Landmark;
			};
			name = Release;
		};
/* End XCBuildConfiguration section */

/* Begin XCConfigurationList section */
		F4650C462365878300E27AA5 /* Build configuration list for PBXProject "Landmark" */ = {
			isa = XCConfigurationList;
			buildConfigurations = (
				F4650C732365878400E27AA5 /* Debug */,
				F4650C742365878400E27AA5 /* Release */,
			);
			defaultConfigurationIsVisible = 0;
			defaultConfigurationName = Release;
		};
		F4650C752365878400E27AA5 /* Build configuration list for PBXNativeTarget "Landmark" */ = {
			isa = XCConfigurationList;
			buildConfigurations = (
				F4650C762365878400E27AA5 /* Debug */,
				F4650C772365878400E27AA5 /* Release */,
			);
			defaultConfigurationIsVisible = 0;
			defaultConfigurationName = Release;
		};
		F4650C782365878400E27AA5 /* Build configuration list for PBXNativeTarget "LandmarkTests" */ = {
			isa = XCConfigurationList;
			buildConfigurations = (
				F4650C792365878400E27AA5 /* Debug */,
				F4650C7A2365878400E27AA5 /* Release */,
			);
			defaultConfigurationIsVisible = 0;
			defaultConfigurationName = Release;
		};
		F4650C7B2365878400E27AA5 /* Build configuration list for PBXNativeTarget "LandmarkUITests" */ = {
			isa = XCConfigurationList;
			buildConfigurations = (
				F4650C7C2365878400E27AA5 /* Debug */,
				F4650C7D2365878400E27AA5 /* Release */,
			);
			defaultConfigurationIsVisible = 0;
			defaultConfigurationName = Release;
		};
/* End XCConfigurationList section */
	};
	rootObject = F4650C432365878300E27AA5 /* Project object */;
}
